
Microsoft Visual Studio Solution File, Format Version 12.00
# Visual Studio Version 17
VisualStudioVersion = 17.10.34916.146
MinimumVisualStudioVersion = 10.0.40219.1
Project("{9A19103F-16F7-4668-BE54-9A1E7A4F7556}") = "PoolTicketManagementAPI", "PoolTicketManagementAPI\PoolTicketManagementAPI.csproj", "{0499321B-6765-4F19-9887-C517619E8174}"
EndProject
Project("{FAE04EC0-301F-11D3-BF4B-00C04F79EFBC}") = "TestProject1", "TestProject1\TestProject1.csproj", "{85895546-D373-4591-BDD8-5FB30FAD2CC0}"
EndProject
Global
	GlobalSection(SolutionConfigurationPlatforms) = preSolution
		Debug|Any CPU = Debug|Any CPU
		Release|Any CPU = Release|Any CPU
	EndGlobalSection
	GlobalSection(ProjectConfigurationPlatforms) = postSolution
		{0499321B-6765-4F19-9887-C517619E8174}.Debug|Any CPU.ActiveCfg = Debug|Any CPU
		{0499321B-6765-4F19-9887-C517619E8174}.Debug|Any CPU.Build.0 = Debug|Any CPU
		{0499321B-6765-4F19-9887-C517619E8174}.Release|Any CPU.ActiveCfg = Release|Any CPU
		{0499321B-6765-4F19-9887-C517619E8174}.Release|Any CPU.Build.0 = Release|Any CPU
		{85895546-D373-4591-BDD8-5FB30FAD2CC0}.Debug|Any CPU.ActiveCfg = Debug|Any CPU
		{85895546-D373-4591-BDD8-5FB30FAD2CC0}.Debug|Any CPU.Build.0 = Debug|Any CPU
		{85895546-D373-4591-BDD8-5FB30FAD2CC0}.Release|Any CPU.ActiveCfg = Release|Any CPU
		{85895546-D373-4591-BDD8-5FB30FAD2CC0}.Release|Any CPU.Build.0 = Release|Any CPU
	EndGlobalSection
	GlobalSection(SolutionProperties) = preSolution
		HideSolutionNode = FALSE
	EndGlobalSection
	GlobalSection(ExtensibilityGlobals) = postSolution
		SolutionGuid = {FF15A7B2-1677-440D-9F90-47FA6977517C}
	EndGlobalSection
EndGlobal
